
Microsoft Visual Studio Solution File, Format Version 12.00
# Visual Studio 15
VisualStudioVersion = 15.0.28010.2036
MinimumVisualStudioVersion = 10.0.40219.1
Project("{FAE04EC0-301F-11D3-BF4B-00C04F79EFBC}") = "SwissBank", "SwissBank\SwissBank.csproj", "{30A611B1-424D-4010-A009-2CF2CCB2CB94}"
EndProject
Global
	GlobalSection(SolutionConfigurationPlatforms) = preSolution
		Debug|Any CPU = Debug|Any CPU
		Release|Any CPU = Release|Any CPU
	EndGlobalSection
	GlobalSection(ProjectConfigurationPlatforms) = postSolution
		{30A611B1-424D-4010-A009-2CF2CCB2CB94}.Debug|Any CPU.ActiveCfg = Debug|Any CPU
		{30A611B1-424D-4010-A009-2CF2CCB2CB94}.Debug|Any CPU.Build.0 = Debug|Any CPU
		{30A611B1-424D-4010-A009-2CF2CCB2CB94}.Release|Any CPU.ActiveCfg = Release|Any CPU
		{30A611B1-424D-4010-A009-2CF2CCB2CB94}.Release|Any CPU.Build.0 = Release|Any CPU
	EndGlobalSection
	GlobalSection(SolutionProperties) = preSolution
		HideSolutionNode = FALSE
	EndGlobalSection
	GlobalSection(ExtensibilityGlobals) = postSolution
		SolutionGuid = {1D1E2783-5E8B-41F4-8182-B409AB0DC684}
	EndGlobalSection
EndGlobal
